
Microsoft Visual Studio Solution File, Format Version 12.00
# Visual Studio 15
VisualStudioVersion = 15.0.27428.2037
MinimumVisualStudioVersion = 10.0.40219.1
Project("{FAE04EC0-301F-11D3-BF4B-00C04F79EFBC}") = "MathFacts", "MathFacts\MathFacts.csproj", "{C3577FEE-55B4-410E-B64F-F5FAB3527802}"
EndProject
Global
	GlobalSection(SolutionConfigurationPlatforms) = preSolution
		Debug|Any CPU = Debug|Any CPU
		Release|Any CPU = Release|Any CPU
	EndGlobalSection
	GlobalSection(ProjectConfigurationPlatforms) = postSolution
		{C3577FEE-55B4-410E-B64F-F5FAB3527802}.Debug|Any CPU.ActiveCfg = Debug|Any CPU
		{C3577FEE-55B4-410E-B64F-F5FAB3527802}.Debug|Any CPU.Build.0 = Debug|Any CPU
		{C3577FEE-55B4-410E-B64F-F5FAB3527802}.Release|Any CPU.ActiveCfg = Release|Any CPU
		{C3577FEE-55B4-410E-B64F-F5FAB3527802}.Release|Any CPU.Build.0 = Release|Any CPU
	EndGlobalSection
	GlobalSection(SolutionProperties) = preSolution
		HideSolutionNode = FALSE
	EndGlobalSection
	GlobalSection(ExtensibilityGlobals) = postSolution
		SolutionGuid = {184E6F31-8257-4858-97AD-906F2FFF82E3}
	EndGlobalSection
EndGlobal
